
Microsoft Visual Studio Solution File, Format Version 12.00
# Visual Studio Version 16
VisualStudioVersion = 16.0.30804.86
MinimumVisualStudioVersion = 10.0.40219.1
Project("{FAE04EC0-301F-11D3-BF4B-00C04F79EFBC}") = "Indexa", "Indexa\Indexa.csproj", "{D8A4F2C1-7B81-4231-84F7-A97DE96F8C2B}"
EndProject
Project("{FAE04EC0-301F-11D3-BF4B-00C04F79EFBC}") = "Test", "Test\Test.csproj", "{3C49E809-9A02-4A36-ADDD-0DE511C74E30}"
EndProject
Project("{FAE04EC0-301F-11D3-BF4B-00C04F79EFBC}") = "Impulsa", "Impulsa\Impulsa.csproj", "{D817F4DF-F287-4F89-B17E-93665EACE5C5}"
EndProject
Global
	GlobalSection(SolutionConfigurationPlatforms) = preSolution
		Debug|Any CPU = Debug|Any CPU
		Release|Any CPU = Release|Any CPU
	EndGlobalSection
	GlobalSection(ProjectConfigurationPlatforms) = postSolution
		{D8A4F2C1-7B81-4231-84F7-A97DE96F8C2B}.Debug|Any CPU.ActiveCfg = Debug|Any CPU
		{D8A4F2C1-7B81-4231-84F7-A97DE96F8C2B}.Debug|Any CPU.Build.0 = Debug|Any CPU
		{D8A4F2C1-7B81-4231-84F7-A97DE96F8C2B}.Release|Any CPU.ActiveCfg = Release|Any CPU
		{D8A4F2C1-7B81-4231-84F7-A97DE96F8C2B}.Release|Any CPU.Build.0 = Release|Any CPU
		{3C49E809-9A02-4A36-ADDD-0DE511C74E30}.Debug|Any CPU.ActiveCfg = Debug|Any CPU
		{3C49E809-9A02-4A36-ADDD-0DE511C74E30}.Debug|Any CPU.Build.0 = Debug|Any CPU
		{3C49E809-9A02-4A36-ADDD-0DE511C74E30}.Release|Any CPU.ActiveCfg = Release|Any CPU
		{3C49E809-9A02-4A36-ADDD-0DE511C74E30}.Release|Any CPU.Build.0 = Release|Any CPU
		{D817F4DF-F287-4F89-B17E-93665EACE5C5}.Debug|Any CPU.ActiveCfg = Debug|Any CPU
		{D817F4DF-F287-4F89-B17E-93665EACE5C5}.Debug|Any CPU.Build.0 = Debug|Any CPU
		{D817F4DF-F287-4F89-B17E-93665EACE5C5}.Release|Any CPU.ActiveCfg = Release|Any CPU
		{D817F4DF-F287-4F89-B17E-93665EACE5C5}.Release|Any CPU.Build.0 = Release|Any CPU
	EndGlobalSection
	GlobalSection(SolutionProperties) = preSolution
		HideSolutionNode = FALSE
	EndGlobalSection
	GlobalSection(ExtensibilityGlobals) = postSolution
		SolutionGuid = {137F2C59-83FE-449B-AB35-B930B082D6B7}
	EndGlobalSection
EndGlobal
